{
  "object": {
    "pins": [
      {
        "package": "async-http-client",
        "repositoryURL": "https://github.com/swift-server/async-http-client.git",
        "state": {
          "branch": null,
          "revision": "7a4dfe026f6ee0f8ad741b58df74c60af296365d",
          "version": "1.9.0"
        }
      },
      {
        "package": "Rainbow",
        "repositoryURL": "https://github.com/onevcat/Rainbow",
        "state": {
          "branch": null,
          "revision": "e0dada9cd44e3fa7ec3b867e49a8ddbf543e3df3",
          "version": "4.0.1"
        }
      },
      {
        "package": "swift-log",
        "repositoryURL": "https://github.com/apple/swift-log.git",
        "state": {
          "branch": null,
          "revision": "5d66f7ba25daf4f94100e7022febf3c75e37a6c7",
          "version": "1.4.2"
        }
      },
      {
        "package": "swift-nio",
        "repositoryURL": "https://github.com/apple/swift-nio.git",
        "state": {
          "branch": null,
          "revision": "154f1d32366449dcccf6375a173adf4ed2a74429",
          "version": "2.38.0"
        }
      },
      {
        "package": "swift-nio-extras",
        "repositoryURL": "https://github.com/apple/swift-nio-extras.git",
        "state": {
          "branch": null,
          "revision": "f73ca5ee9c6806800243f1ac415fcf82de9a4c91",
          "version": "1.10.2"
        }
      },
      {
        "package": "swift-nio-http2",
        "repositoryURL": "https://github.com/apple/swift-nio-http2.git",
        "state": {
          "branch": null,
          "revision": "ac2a5afce3dbb6795b4f78ec3f19726dc28f5617",
          "version": "1.20.0"
        }
      },
      {
        "package": "swift-nio-ssl",
        "repositoryURL": "https://github.com/apple/swift-nio-ssl.git",
        "state": {
          "branch": null,
          "revision": "52a486ff6de9bc3e26bf634c5413c41c5fa89ca5",
          "version": "2.17.2"
        }
      },
      {
        "package": "swift-nio-transport-services",
        "repositoryURL": "https://github.com/apple/swift-nio-transport-services.git",
        "state": {
          "branch": null,
          "revision": "8ab824b140d0ebcd87e9149266ddc353e3705a3e",
          "version": "1.11.4"
        }
      },
      {
        "package": "Swiftcord",
        "repositoryURL": "https://github.com/SketchMaster2001/Swiftcord",
        "state": {
          "branch": "master",
          "revision": "18eb2fe69a4b15001948b8b0a7235dfd886dbf02",
          "version": null
        }
      },
      {
        "package": "websocket-kit",
        "repositoryURL": "https://github.com/vapor/websocket-kit",
        "state": {
          "branch": "main",
          "revision": "c1a147a57c729f9e4331caa8d0b2b2118c328827",
          "version": null
        }
      }
    ]
  },
  "version": 1
}
